
Microsoft Visual Studio Solution File, Format Version 12.00
# Visual Studio Version 17
VisualStudioVersion = 17.2.32630.192
MinimumVisualStudioVersion = 10.0.40219.1
Project("{FAE04EC0-301F-11D3-BF4B-00C04F79EFBC}") = "SimpleEmailApp", "SimpleEmailApp\SimpleEmailApp.csproj", "{84DDD7D2-83FA-45B7-9522-7B61C9A3B3B9}"
EndProject
Global
	GlobalSection(SolutionConfigurationPlatforms) = preSolution
		Debug|Any CPU = Debug|Any CPU
		Release|Any CPU = Release|Any CPU
	EndGlobalSection
	GlobalSection(ProjectConfigurationPlatforms) = postSolution
		{84DDD7D2-83FA-45B7-9522-7B61C9A3B3B9}.Debug|Any CPU.ActiveCfg = Debug|Any CPU
		{84DDD7D2-83FA-45B7-9522-7B61C9A3B3B9}.Debug|Any CPU.Build.0 = Debug|Any CPU
		{84DDD7D2-83FA-45B7-9522-7B61C9A3B3B9}.Release|Any CPU.ActiveCfg = Release|Any CPU
		{84DDD7D2-83FA-45B7-9522-7B61C9A3B3B9}.Release|Any CPU.Build.0 = Release|Any CPU
	EndGlobalSection
	GlobalSection(SolutionProperties) = preSolution
		HideSolutionNode = FALSE
	EndGlobalSection
	GlobalSection(ExtensibilityGlobals) = postSolution
		SolutionGuid = {6E911EF1-76DC-4319-A905-11BC159D963D}
	EndGlobalSection
EndGlobal
